{
  "pins" : [
    {
      "identity" : "analytics-ios",
      "kind" : "remoteSourceControl",
      "location" : "https://github.com/segmentio/analytics-ios.git",
      "state" : {
        "revision" : "187faa897c826fe0954124da116db3318242f7c3",
        "version" : "4.1.4"
      }
    },
    {
      "identity" : "ex-glo-apple-appsflyer",
      "kind" : "remoteSourceControl",
      "location" : "https://github.com/damoteGlo/ex-glo-apple-appsflyer.git",
      "state" : {
        "branch" : "glo-develop",
        "revision" : "69ee8247b2c1f2e1b372e010a12d30b2e41140cb"
      }
    }
  ],
  "version" : 2
}
